// !$*UTF8*$!
{
	archiveVersion = 1;
	classes = {
	};
	objectVersion = 46;
	objects = {

/* Begin PBXBuildFile section */
		3928B27C15FBF4A400F164D4 /* Security.framework in Frameworks */ = {isa = PBXBuildFile; fileRef = 3928B27B15FBF4A400F164D4 /* Security.framework */; };
		3930008C15F74D4000146349 /* statusbar_notification.png in Resources */ = {isa = PBXBuildFile; fileRef = 3930008B15F74D4000146349 /* statusbar_notification.png */; };
		39367C2615F9395F00D4234D /* IOKit.framework in Frameworks */ = {isa = PBXBuildFile; fileRef = 39367C1D15F9386500D4234D /* IOKit.framework */; };
		39367C2715F9396E00D4234D /* Collaboration.framework in Frameworks */ = {isa = PBXBuildFile; fileRef = 39367C1B15F9384500D4234D /* Collaboration.framework */; };
		3936BEE41601359A00598C91 /* Custom.xcconfig in Resources */ = {isa = PBXBuildFile; fileRef = 3936BEE31601322400598C91 /* Custom.xcconfig */; };
		394076B315F19CC80007E7F8 /* SBJson.framework in Frameworks */ = {isa = PBXBuildFile; fileRef = 39D486B815F190460023C99A /* SBJson.framework */; };
		394076FA15F1AC9A0007E7F8 /* SBJson.framework in CopyFiles */ = {isa = PBXBuildFile; fileRef = 39D486B815F190460023C99A /* SBJson.framework */; };
		394383B815EFCB81009E982B /* Cocoa.framework in Frameworks */ = {isa = PBXBuildFile; fileRef = 394383B715EFCB81009E982B /* Cocoa.framework */; };
		394383C215EFCB81009E982B /* InfoPlist.strings in Resources */ = {isa = PBXBuildFile; fileRef = 394383C015EFCB81009E982B /* InfoPlist.strings */; };
		394383C415EFCB81009E982B /* main.m in Sources */ = {isa = PBXBuildFile; fileRef = 394383C315EFCB81009E982B /* main.m */; };
		394383C815EFCB81009E982B /* Credits.rtf in Resources */ = {isa = PBXBuildFile; fileRef = 394383C615EFCB81009E982B /* Credits.rtf */; };
		394383DE15EFD35C009E982B /* statusbar.png in Resources */ = {isa = PBXBuildFile; fileRef = 394383DC15EFD35C009E982B /* statusbar.png */; };
		394383DF15EFD35C009E982B /* statusbar_over.png in Resources */ = {isa = PBXBuildFile; fileRef = 394383DD15EFD35C009E982B /* statusbar_over.png */; };
		3964A66B15FEBF40000AC561 /* server in Resources */ = {isa = PBXBuildFile; fileRef = 3964A66A15FEBF40000AC561 /* server */; };
		3975528F15FEB2F90039B2C8 /* KCNodeJS.m in Sources */ = {isa = PBXBuildFile; fileRef = 3975528515FEB2F90039B2C8 /* KCNodeJS.m */; };
		3975529015FEB2F90039B2C8 /* KCSystemInfo.m in Sources */ = {isa = PBXBuildFile; fileRef = 3975528715FEB2F90039B2C8 /* KCSystemInfo.m */; };
		3975529115FEB2F90039B2C8 /* MFTask.m in Sources */ = {isa = PBXBuildFile; fileRef = 3975528A15FEB2F90039B2C8 /* MFTask.m */; };
		3975529215FEB2F90039B2C8 /* SSKeychain.m in Sources */ = {isa = PBXBuildFile; fileRef = 3975528E15FEB2F90039B2C8 /* SSKeychain.m */; };
		3975529815FEB3780039B2C8 /* NSData+CryptoHashing.m in Sources */ = {isa = PBXBuildFile; fileRef = 3975529715FEB3780039B2C8 /* NSData+CryptoHashing.m */; };
		397E4FF115F349ED0046EF33 /* Sparkle.framework in Frameworks */ = {isa = PBXBuildFile; fileRef = 397E4FF015F349ED0046EF33 /* Sparkle.framework */; };
		397E4FF215F349F20046EF33 /* Sparkle.framework in CopyFiles */ = {isa = PBXBuildFile; fileRef = 397E4FF015F349ED0046EF33 /* Sparkle.framework */; };
		397E4FF315F358100046EF33 /* MainMenu.xib in Resources */ = {isa = PBXBuildFile; fileRef = 3999D5D515F08E480022D70D /* MainMenu.xib */; };
		397E4FF515F3C2980046EF33 /* dsa_pub.pem in Resources */ = {isa = PBXBuildFile; fileRef = 397E4FF415F3C2980046EF33 /* dsa_pub.pem */; };
		397E501D15F442E80046EF33 /* network_over.png in Resources */ = {isa = PBXBuildFile; fileRef = 397E501A15F442E80046EF33 /* network_over.png */; };
		397E501E15F442E80046EF33 /* network.png in Resources */ = {isa = PBXBuildFile; fileRef = 397E501B15F442E80046EF33 /* network.png */; };
		397E501F15F442E80046EF33 /* local.png in Resources */ = {isa = PBXBuildFile; fileRef = 397E501C15F442E80046EF33 /* local.png */; };
		3999D5B715F08A0D0022D70D /* MLAppDelegate.m in Sources */ = {isa = PBXBuildFile; fileRef = 3999D5B215F08A0D0022D70D /* MLAppDelegate.m */; };
		3999D5DA15F08F430022D70D /* node in CopyFiles */ = {isa = PBXBuildFile; fileRef = 3999D5D815F08F350022D70D /* node */; };
		39BCA8F415FB40AA00BBEF56 /* Motherlover.icns in Resources */ = {isa = PBXBuildFile; fileRef = 39BCA8F315FB40AA00BBEF56 /* Motherlover.icns */; };
/* End PBXBuildFile section */

/* Begin PBXCopyFilesBuildPhase section */
		394076F815F1AC8A0007E7F8 /* CopyFiles */ = {
			isa = PBXCopyFilesBuildPhase;
			buildActionMask = 2147483647;
			dstPath = "";
			dstSubfolderSpec = 10;
			files = (
				394076FA15F1AC9A0007E7F8 /* SBJson.framework in CopyFiles */,
				397E4FF215F349F20046EF33 /* Sparkle.framework in CopyFiles */,
			);
			runOnlyForDeploymentPostprocessing = 0;
		};
		3999D5CE15F08C390022D70D /* CopyFiles */ = {
			isa = PBXCopyFilesBuildPhase;
			buildActionMask = 2147483647;
			dstPath = "";
			dstSubfolderSpec = 6;
			files = (
				3999D5DA15F08F430022D70D /* node in CopyFiles */,
			);
			runOnlyForDeploymentPostprocessing = 0;
		};
/* End PBXCopyFilesBuildPhase section */

/* Begin PBXFileReference section */
		3928B27B15FBF4A400F164D4 /* Security.framework */ = {isa = PBXFileReference; lastKnownFileType = wrapper.framework; name = Security.framework; path = System/Library/Frameworks/Security.framework; sourceTree = SDKROOT; };
		3928B28B15FCA95300F164D4 /* Cocoa.framework */ = {isa = PBXFileReference; lastKnownFileType = wrapper.framework; name = Cocoa.framework; path = System/Library/Frameworks/Cocoa.framework; sourceTree = SDKROOT; };
		3928B28E15FCA95300F164D4 /* AppKit.framework */ = {isa = PBXFileReference; lastKnownFileType = wrapper.framework; name = AppKit.framework; path = System/Library/Frameworks/AppKit.framework; sourceTree = SDKROOT; };
		3928B28F15FCA95300F164D4 /* CoreData.framework */ = {isa = PBXFileReference; lastKnownFileType = wrapper.framework; name = CoreData.framework; path = System/Library/Frameworks/CoreData.framework; sourceTree = SDKROOT; };
		3928B29015FCA95300F164D4 /* Foundation.framework */ = {isa = PBXFileReference; lastKnownFileType = wrapper.framework; name = Foundation.framework; path = System/Library/Frameworks/Foundation.framework; sourceTree = SDKROOT; };
		3928B2A115FCAB3A00F164D4 /* SBJson.framework */ = {isa = PBXFileReference; lastKnownFileType = wrapper.framework; name = SBJson.framework; path = Motherlover/Frameworks/SBJson.framework; sourceTree = "<group>"; };
		3930008B15F74D4000146349 /* statusbar_notification.png */ = {isa = PBXFileReference; lastKnownFileType = image.png; path = statusbar_notification.png; sourceTree = "<group>"; };
		39367C1B15F9384500D4234D /* Collaboration.framework */ = {isa = PBXFileReference; lastKnownFileType = wrapper.framework; name = Collaboration.framework; path = System/Library/Frameworks/Collaboration.framework; sourceTree = SDKROOT; };
		39367C1D15F9386500D4234D /* IOKit.framework */ = {isa = PBXFileReference; lastKnownFileType = wrapper.framework; name = IOKit.framework; path = System/Library/Frameworks/IOKit.framework; sourceTree = SDKROOT; };
		3936BEE31601322400598C91 /* Custom.xcconfig */ = {isa = PBXFileReference; lastKnownFileType = text.xcconfig; path = Custom.xcconfig; sourceTree = "<group>"; };
		394383B315EFCB81009E982B /* Motherlover.app */ = {isa = PBXFileReference; explicitFileType = wrapper.application; includeInIndex = 0; path = Motherlover.app; sourceTree = BUILT_PRODUCTS_DIR; };
		394383B715EFCB81009E982B /* Cocoa.framework */ = {isa = PBXFileReference; lastKnownFileType = wrapper.framework; name = Cocoa.framework; path = System/Library/Frameworks/Cocoa.framework; sourceTree = SDKROOT; };
		394383BA15EFCB81009E982B /* AppKit.framework */ = {isa = PBXFileReference; lastKnownFileType = wrapper.framework; name = AppKit.framework; path = System/Library/Frameworks/AppKit.framework; sourceTree = SDKROOT; };
		394383BB15EFCB81009E982B /* CoreData.framework */ = {isa = PBXFileReference; lastKnownFileType = wrapper.framework; name = CoreData.framework; path = System/Library/Frameworks/CoreData.framework; sourceTree = SDKROOT; };
		394383BC15EFCB81009E982B /* Foundation.framework */ = {isa = PBXFileReference; lastKnownFileType = wrapper.framework; name = Foundation.framework; path = System/Library/Frameworks/Foundation.framework; sourceTree = SDKROOT; };
		394383BF15EFCB81009E982B /* Motherlover-Info.plist */ = {isa = PBXFileReference; lastKnownFileType = text.plist.xml; path = "Motherlover-Info.plist"; sourceTree = "<group>"; };
		394383C115EFCB81009E982B /* en */ = {isa = PBXFileReference; lastKnownFileType = text.plist.strings; name = en; path = en.lproj/InfoPlist.strings; sourceTree = "<group>"; };
		394383C315EFCB81009E982B /* main.m */ = {isa = PBXFileReference; lastKnownFileType = sourcecode.c.objc; path = main.m; sourceTree = "<group>"; };
		394383C515EFCB81009E982B /* Motherlover-Prefix.pch */ = {isa = PBXFileReference; lastKnownFileType = sourcecode.c.h; path = "Motherlover-Prefix.pch"; sourceTree = "<group>"; };
		394383C715EFCB81009E982B /* en */ = {isa = PBXFileReference; lastKnownFileType = text.rtf; name = en; path = en.lproj/Credits.rtf; sourceTree = "<group>"; };
		394383DC15EFD35C009E982B /* statusbar.png */ = {isa = PBXFileReference; lastKnownFileType = image.png; path = statusbar.png; sourceTree = "<group>"; };
		394383DD15EFD35C009E982B /* statusbar_over.png */ = {isa = PBXFileReference; lastKnownFileType = image.png; path = statusbar_over.png; sourceTree = "<group>"; };
		3964A66A15FEBF40000AC561 /* server */ = {isa = PBXFileReference; lastKnownFileType = folder; path = server; sourceTree = "<group>"; };
		3975528415FEB2F90039B2C8 /* KCNodeJS.h */ = {isa = PBXFileReference; fileEncoding = 4; lastKnownFileType = sourcecode.c.h; path = KCNodeJS.h; sourceTree = "<group>"; };
		3975528515FEB2F90039B2C8 /* KCNodeJS.m */ = {isa = PBXFileReference; fileEncoding = 4; lastKnownFileType = sourcecode.c.objc; path = KCNodeJS.m; sourceTree = "<group>"; };
		3975528615FEB2F90039B2C8 /* KCSystemInfo.h */ = {isa = PBXFileReference; fileEncoding = 4; lastKnownFileType = sourcecode.c.h; path = KCSystemInfo.h; sourceTree = "<group>"; };
		3975528715FEB2F90039B2C8 /* KCSystemInfo.m */ = {isa = PBXFileReference; fileEncoding = 4; lastKnownFileType = sourcecode.c.objc; path = KCSystemInfo.m; sourceTree = "<group>"; };
		3975528915FEB2F90039B2C8 /* MFTask.h */ = {isa = PBXFileReference; fileEncoding = 4; lastKnownFileType = sourcecode.c.h; path = MFTask.h; sourceTree = "<group>"; };
		3975528A15FEB2F90039B2C8 /* MFTask.m */ = {isa = PBXFileReference; fileEncoding = 4; lastKnownFileType = sourcecode.c.objc; path = MFTask.m; sourceTree = "<group>"; };
		3975528B15FEB2F90039B2C8 /* MFTaskDelegateProtocol.h */ = {isa = PBXFileReference; fileEncoding = 4; lastKnownFileType = sourcecode.c.h; path = MFTaskDelegateProtocol.h; sourceTree = "<group>"; };
		3975528D15FEB2F90039B2C8 /* SSKeychain.h */ = {isa = PBXFileReference; fileEncoding = 4; lastKnownFileType = sourcecode.c.h; path = SSKeychain.h; sourceTree = "<group>"; };
		3975528E15FEB2F90039B2C8 /* SSKeychain.m */ = {isa = PBXFileReference; fileEncoding = 4; lastKnownFileType = sourcecode.c.objc; path = SSKeychain.m; sourceTree = "<group>"; };
		3975529615FEB3780039B2C8 /* NSData+CryptoHashing.h */ = {isa = PBXFileReference; fileEncoding = 4; lastKnownFileType = sourcecode.c.h; path = "NSData+CryptoHashing.h"; sourceTree = "<group>"; };
		3975529715FEB3780039B2C8 /* NSData+CryptoHashing.m */ = {isa = PBXFileReference; fileEncoding = 4; lastKnownFileType = sourcecode.c.objc; path = "NSData+CryptoHashing.m"; sourceTree = "<group>"; };
		397E4FF015F349ED0046EF33 /* Sparkle.framework */ = {isa = PBXFileReference; lastKnownFileType = wrapper.framework; name = Sparkle.framework; path = Motherlover/Frameworks/Sparkle.framework; sourceTree = "<group>"; };
		397E4FF415F3C2980046EF33 /* dsa_pub.pem */ = {isa = PBXFileReference; fileEncoding = 4; lastKnownFileType = text; path = dsa_pub.pem; sourceTree = "<group>"; };
		397E501A15F442E80046EF33 /* network_over.png */ = {isa = PBXFileReference; lastKnownFileType = image.png; path = network_over.png; sourceTree = "<group>"; };
		397E501B15F442E80046EF33 /* network.png */ = {isa = PBXFileReference; lastKnownFileType = image.png; path = network.png; sourceTree = "<group>"; };
		397E501C15F442E80046EF33 /* local.png */ = {isa = PBXFileReference; lastKnownFileType = image.png; path = local.png; sourceTree = "<group>"; };
		3999D5B115F08A0D0022D70D /* MLAppDelegate.h */ = {isa = PBXFileReference; fileEncoding = 4; lastKnownFileType = sourcecode.c.h; path = MLAppDelegate.h; sourceTree = "<group>"; };
		3999D5B215F08A0D0022D70D /* MLAppDelegate.m */ = {isa = PBXFileReference; fileEncoding = 4; lastKnownFileType = sourcecode.c.objc; path = MLAppDelegate.m; sourceTree = "<group>"; };
		3999D5D615F08E480022D70D /* en */ = {isa = PBXFileReference; lastKnownFileType = file.xib; name = en; path = en.lproj/MainMenu.xib; sourceTree = "<group>"; };
		3999D5D815F08F350022D70D /* node */ = {isa = PBXFileReference; lastKnownFileType = "compiled.mach-o.executable"; name = node; path = Motherlover/Executables/node; sourceTree = "<group>"; };
		39BCA8F315FB40AA00BBEF56 /* Motherlover.icns */ = {isa = PBXFileReference; lastKnownFileType = image.icns; path = Motherlover.icns; sourceTree = "<group>"; };
		39D486B815F190460023C99A /* SBJson.framework */ = {isa = PBXFileReference; lastKnownFileType = wrapper.framework; name = SBJson.framework; path = Motherlover/Frameworks/SBJson.framework; sourceTree = "<group>"; };
/* End PBXFileReference section */

/* Begin PBXFrameworksBuildPhase section */
		394383B015EFCB81009E982B /* Frameworks */ = {
			isa = PBXFrameworksBuildPhase;
			buildActionMask = 2147483647;
			files = (
				3928B27C15FBF4A400F164D4 /* Security.framework in Frameworks */,
				39367C2715F9396E00D4234D /* Collaboration.framework in Frameworks */,
				39367C2615F9395F00D4234D /* IOKit.framework in Frameworks */,
				394383B815EFCB81009E982B /* Cocoa.framework in Frameworks */,
				394076B315F19CC80007E7F8 /* SBJson.framework in Frameworks */,
				397E4FF115F349ED0046EF33 /* Sparkle.framework in Frameworks */,
			);
			runOnlyForDeploymentPostprocessing = 0;
		};
/* End PBXFrameworksBuildPhase section */

/* Begin PBXGroup section */
		3928B28A15FCA95300F164D4 /* Frameworks */ = {
			isa = PBXGroup;
			children = (
				3928B2A115FCAB3A00F164D4 /* SBJson.framework */,
				3928B28B15FCA95300F164D4 /* Cocoa.framework */,
				3928B28D15FCA95300F164D4 /* Other Frameworks */,
			);
			name = Frameworks;
			sourceTree = "<group>";
		};
		3928B28D15FCA95300F164D4 /* Other Frameworks */ = {
			isa = PBXGroup;
			children = (
				3928B28E15FCA95300F164D4 /* AppKit.framework */,
				3928B28F15FCA95300F164D4 /* CoreData.framework */,
				3928B29015FCA95300F164D4 /* Foundation.framework */,
			);
			name = "Other Frameworks";
			sourceTree = "<group>";
		};
		394383A815EFCB81009E982B = {
			isa = PBXGroup;
			children = (
				394383BD15EFCB81009E982B /* Motherlover */,
				3928B28A15FCA95300F164D4 /* Frameworks */,
				3936BEE31601322400598C91 /* Custom.xcconfig */,
			);
			sourceTree = "<group>";
		};
		394383B415EFCB81009E982B /* Products */ = {
			isa = PBXGroup;
			children = (
				394383B315EFCB81009E982B /* Motherlover.app */,
			);
			name = Products;
			path = ..;
			sourceTree = "<group>";
		};
		394383B615EFCB81009E982B /* Frameworks */ = {
			isa = PBXGroup;
			children = (
				3928B27B15FBF4A400F164D4 /* Security.framework */,
				39367C1D15F9386500D4234D /* IOKit.framework */,
				39367C1B15F9384500D4234D /* Collaboration.framework */,
				397E4FF015F349ED0046EF33 /* Sparkle.framework */,
				39D486B815F190460023C99A /* SBJson.framework */,
				394383B715EFCB81009E982B /* Cocoa.framework */,
				394383B915EFCB81009E982B /* Other Frameworks */,
			);
			name = Frameworks;
			path = ..;
			sourceTree = "<group>";
		};
		394383B915EFCB81009E982B /* Other Frameworks */ = {
			isa = PBXGroup;
			children = (
				394383BA15EFCB81009E982B /* AppKit.framework */,
				394383BB15EFCB81009E982B /* CoreData.framework */,
				394383BC15EFCB81009E982B /* Foundation.framework */,
			);
			name = "Other Frameworks";
			sourceTree = "<group>";
		};
		394383BD15EFCB81009E982B /* Motherlover */ = {
			isa = PBXGroup;
			children = (
				3999D5A615F08A0D0022D70D /* Classes */,
				3999D5D415F08DE40022D70D /* UI */,
				394383BE15EFCB81009E982B /* Supporting Files */,
				3999D5D315F08D390022D70D /* Executables */,
				394383DB15EFD35C009E982B /* Resources */,
				3975528215FEB2F90039B2C8 /* Vendor */,
				394383B615EFCB81009E982B /* Frameworks */,
				394383B415EFCB81009E982B /* Products */,
			);
			path = Motherlover;
			sourceTree = "<group>";
		};
		394383BE15EFCB81009E982B /* Supporting Files */ = {
			isa = PBXGroup;
			children = (
				394383BF15EFCB81009E982B /* Motherlover-Info.plist */,
				394383C315EFCB81009E982B /* main.m */,
				394383C515EFCB81009E982B /* Motherlover-Prefix.pch */,
			);
			name = "Supporting Files";
			sourceTree = "<group>";
		};
		394383DB15EFD35C009E982B /* Resources */ = {
			isa = PBXGroup;
			children = (
				3964A66A15FEBF40000AC561 /* server */,
				397E501A15F442E80046EF33 /* network_over.png */,
				397E501B15F442E80046EF33 /* network.png */,
				397E501C15F442E80046EF33 /* local.png */,
				397E4FF415F3C2980046EF33 /* dsa_pub.pem */,
				394383DC15EFD35C009E982B /* statusbar.png */,
				394383DD15EFD35C009E982B /* statusbar_over.png */,
				3930008B15F74D4000146349 /* statusbar_notification.png */,
				39BCA8F315FB40AA00BBEF56 /* Motherlover.icns */,
			);
			path = Resources;
			sourceTree = "<group>";
		};
		3975528215FEB2F90039B2C8 /* Vendor */ = {
			isa = PBXGroup;
			children = (
				3975528315FEB2F90039B2C8 /* KC */,
				3975528815FEB2F90039B2C8 /* MF */,
				3975528C15FEB2F90039B2C8 /* SS */,
			);
			path = Vendor;
			sourceTree = "<group>";
		};
		3975528315FEB2F90039B2C8 /* KC */ = {
			isa = PBXGroup;
			children = (
				3975529515FEB3780039B2C8 /* Categories */,
				3975528415FEB2F90039B2C8 /* KCNodeJS.h */,
				3975528515FEB2F90039B2C8 /* KCNodeJS.m */,
				3975528615FEB2F90039B2C8 /* KCSystemInfo.h */,
				3975528715FEB2F90039B2C8 /* KCSystemInfo.m */,
			);
			path = KC;
			sourceTree = "<group>";
		};
		3975528815FEB2F90039B2C8 /* MF */ = {
			isa = PBXGroup;
			children = (
				3975528915FEB2F90039B2C8 /* MFTask.h */,
				3975528A15FEB2F90039B2C8 /* MFTask.m */,
				3975528B15FEB2F90039B2C8 /* MFTaskDelegateProtocol.h */,
			);
			path = MF;
			sourceTree = "<group>";
		};
		3975528C15FEB2F90039B2C8 /* SS */ = {
			isa = PBXGroup;
			children = (
				3975528D15FEB2F90039B2C8 /* SSKeychain.h */,
				3975528E15FEB2F90039B2C8 /* SSKeychain.m */,
			);
			path = SS;
			sourceTree = "<group>";
		};
		3975529515FEB3780039B2C8 /* Categories */ = {
			isa = PBXGroup;
			children = (
				3975529615FEB3780039B2C8 /* NSData+CryptoHashing.h */,
				3975529715FEB3780039B2C8 /* NSData+CryptoHashing.m */,
			);
			path = Categories;
			sourceTree = "<group>";
		};
		3999D5A615F08A0D0022D70D /* Classes */ = {
			isa = PBXGroup;
			children = (
				3999D5B115F08A0D0022D70D /* MLAppDelegate.h */,
				3999D5B215F08A0D0022D70D /* MLAppDelegate.m */,
			);
			path = Classes;
			sourceTree = "<group>";
		};
		3999D5D315F08D390022D70D /* Executables */ = {
			isa = PBXGroup;
			children = (
				3999D5D815F08F350022D70D /* node */,
				394383C015EFCB81009E982B /* InfoPlist.strings */,
				394383C615EFCB81009E982B /* Credits.rtf */,
			);
			name = Executables;
			path = ..;
			sourceTree = "<group>";
		};
		3999D5D415F08DE40022D70D /* UI */ = {
			isa = PBXGroup;
			children = (
				3999D5D515F08E480022D70D /* MainMenu.xib */,
			);
			name = UI;
			sourceTree = "<group>";
		};
/* End PBXGroup section */

/* Begin PBXNativeTarget section */
		394383B215EFCB81009E982B /* Motherlover */ = {
			isa = PBXNativeTarget;
			buildConfigurationList = 394383D115EFCB81009E982B /* Build configuration list for PBXNativeTarget "Motherlover" */;
			buildPhases = (
				394383AF15EFCB81009E982B /* Sources */,
				394383B015EFCB81009E982B /* Frameworks */,
				394383B115EFCB81009E982B /* Resources */,
				3999D5CE15F08C390022D70D /* CopyFiles */,
				394076F815F1AC8A0007E7F8 /* CopyFiles */,
				3936BEE11601315D00598C91 /* Copy bundle to Dropbox */,
			);
			buildRules = (
			);
			dependencies = (
			);
			name = Motherlover;
			productName = Motherlover;
			productReference = 394383B315EFCB81009E982B /* Motherlover.app */;
			productType = "com.apple.product-type.application";
		};
/* End PBXNativeTarget section */

/* Begin PBXProject section */
		394383AA15EFCB81009E982B /* Project object */ = {
			isa = PBXProject;
			attributes = {
				CLASSPREFIX = ML;
				LastUpgradeCheck = 0440;
				ORGANIZATIONNAME = RelaxedBit;
			};
			buildConfigurationList = 394383AD15EFCB81009E982B /* Build configuration list for PBXProject "Motherlover" */;
			compatibilityVersion = "Xcode 3.2";
			developmentRegion = English;
			hasScannedForEncodings = 0;
			knownRegions = (
				en,
			);
			mainGroup = 394383A815EFCB81009E982B;
			productRefGroup = 394383B415EFCB81009E982B /* Products */;
			projectDirPath = "";
			projectRoot = "";
			targets = (
				394383B215EFCB81009E982B /* Motherlover */,
			);
		};
/* End PBXProject section */

/* Begin PBXResourcesBuildPhase section */
		394383B115EFCB81009E982B /* Resources */ = {
			isa = PBXResourcesBuildPhase;
			buildActionMask = 2147483647;
			files = (
				394383C215EFCB81009E982B /* InfoPlist.strings in Resources */,
				394383C815EFCB81009E982B /* Credits.rtf in Resources */,
				394383DE15EFD35C009E982B /* statusbar.png in Resources */,
				394383DF15EFD35C009E982B /* statusbar_over.png in Resources */,
				397E4FF315F358100046EF33 /* MainMenu.xib in Resources */,
				397E4FF515F3C2980046EF33 /* dsa_pub.pem in Resources */,
				397E501D15F442E80046EF33 /* network_over.png in Resources */,
				397E501E15F442E80046EF33 /* network.png in Resources */,
				397E501F15F442E80046EF33 /* local.png in Resources */,
				3930008C15F74D4000146349 /* statusbar_notification.png in Resources */,
				39BCA8F415FB40AA00BBEF56 /* Motherlover.icns in Resources */,
				3964A66B15FEBF40000AC561 /* server in Resources */,
				3936BEE41601359A00598C91 /* Custom.xcconfig in Resources */,
			);
			runOnlyForDeploymentPostprocessing = 0;
		};
/* End PBXResourcesBuildPhase section */

/* Begin PBXShellScriptBuildPhase section */
		3936BEE11601315D00598C91 /* Copy bundle to Dropbox */ = {
			isa = PBXShellScriptBuildPhase;
			buildActionMask = 2147483647;
			files = (
			);
			inputPaths = (
			);
			name = "Copy bundle to Dropbox";
			outputPaths = (
			);
			runOnlyForDeploymentPostprocessing = 0;
			shellPath = /bin/sh;
			shellScript = "if [ -n \"${DROPBOX_SYNC_PATH}\" ]; then\necho cp -r ${BUILT_PRODUCTS_DIR}/${PRODUCT_NAME}.app ${DROPBOX_SYNC_PATH}/\n    cp -r ${BUILT_PRODUCTS_DIR}/${PRODUCT_NAME}.app ${DROPBOX_SYNC_PATH}/\nfi";
		};
/* End PBXShellScriptBuildPhase section */

/* Begin PBXSourcesBuildPhase section */
		394383AF15EFCB81009E982B /* Sources */ = {
			isa = PBXSourcesBuildPhase;
			buildActionMask = 2147483647;
			files = (
				394383C415EFCB81009E982B /* main.m in Sources */,
				3999D5B715F08A0D0022D70D /* MLAppDelegate.m in Sources */,
				3975528F15FEB2F90039B2C8 /* KCNodeJS.m in Sources */,
				3975529015FEB2F90039B2C8 /* KCSystemInfo.m in Sources */,
				3975529115FEB2F90039B2C8 /* MFTask.m in Sources */,
				3975529215FEB2F90039B2C8 /* SSKeychain.m in Sources */,
				3975529815FEB3780039B2C8 /* NSData+CryptoHashing.m in Sources */,
			);
			runOnlyForDeploymentPostprocessing = 0;
		};
/* End PBXSourcesBuildPhase section */

/* Begin PBXVariantGroup section */
		394383C015EFCB81009E982B /* InfoPlist.strings */ = {
			isa = PBXVariantGroup;
			children = (
				394383C115EFCB81009E982B /* en */,
			);
			name = InfoPlist.strings;
			path = Motherlover;
			sourceTree = "<group>";
		};
		394383C615EFCB81009E982B /* Credits.rtf */ = {
			isa = PBXVariantGroup;
			children = (
				394383C715EFCB81009E982B /* en */,
			);
			name = Credits.rtf;
			path = Motherlover;
			sourceTree = "<group>";
		};
		3999D5D515F08E480022D70D /* MainMenu.xib */ = {
			isa = PBXVariantGroup;
			children = (
				3999D5D615F08E480022D70D /* en */,
			);
			name = MainMenu.xib;
			sourceTree = "<group>";
		};
/* End PBXVariantGroup section */

/* Begin XCBuildConfiguration section */
		394383CF15EFCB81009E982B /* Debug */ = {
			isa = XCBuildConfiguration;
			buildSettings = {
				ALWAYS_SEARCH_USER_PATHS = NO;
				ARCHS = "$(ARCHS_STANDARD_64_BIT)";
				CLANG_CXX_LANGUAGE_STANDARD = "gnu++0x";
				CLANG_ENABLE_OBJC_ARC = YES;
				CLANG_WARN__DUPLICATE_METHOD_MATCH = YES;
				COPY_PHASE_STRIP = NO;
				GCC_C_LANGUAGE_STANDARD = gnu99;
				GCC_DYNAMIC_NO_PIC = NO;
				GCC_ENABLE_OBJC_EXCEPTIONS = YES;
				GCC_OPTIMIZATION_LEVEL = 0;
				GCC_PREPROCESSOR_DEFINITIONS = (
					"DEBUG=1",
					"$(inherited)",
				);
				GCC_SYMBOLS_PRIVATE_EXTERN = NO;
				GCC_WARN_64_TO_32_BIT_CONVERSION = YES;
				GCC_WARN_ABOUT_RETURN_TYPE = YES;
				GCC_WARN_UNINITIALIZED_AUTOS = YES;
				GCC_WARN_UNUSED_VARIABLE = YES;
				MACOSX_DEPLOYMENT_TARGET = 10.8;
				ONLY_ACTIVE_ARCH = YES;
				SDKROOT = macosx;
			};
			name = Debug;
		};
		394383D015EFCB81009E982B /* Release */ = {
			isa = XCBuildConfiguration;
			buildSettings = {
				ALWAYS_SEARCH_USER_PATHS = NO;
				ARCHS = "$(ARCHS_STANDARD_64_BIT)";
				CLANG_CXX_LANGUAGE_STANDARD = "gnu++0x";
				CLANG_ENABLE_OBJC_ARC = YES;
				CLANG_WARN__DUPLICATE_METHOD_MATCH = YES;
				COPY_PHASE_STRIP = YES;
				DEBUG_INFORMATION_FORMAT = "dwarf-with-dsym";
				GCC_C_LANGUAGE_STANDARD = gnu99;
				GCC_ENABLE_OBJC_EXCEPTIONS = YES;
				GCC_WARN_64_TO_32_BIT_CONVERSION = YES;
				GCC_WARN_ABOUT_RETURN_TYPE = YES;
				GCC_WARN_UNINITIALIZED_AUTOS = YES;
				GCC_WARN_UNUSED_VARIABLE = YES;
				MACOSX_DEPLOYMENT_TARGET = 10.8;
				SDKROOT = macosx;
			};
			name = Release;
		};
		394383D215EFCB81009E982B /* Debug */ = {
			isa = XCBuildConfiguration;
			baseConfigurationReference = 3936BEE31601322400598C91 /* Custom.xcconfig */;
			buildSettings = {
				ALWAYS_SEARCH_USER_PATHS = NO;
				COMBINE_HIDPI_IMAGES = YES;
				CURRENT_PROJECT_VERSION = 0.1.0;
				DEAD_CODE_STRIPPING = YES;
				FRAMEWORK_SEARCH_PATHS = (
					"$(inherited)",
					"\"$(SRCROOT)/Motherlover/Frameworks\"",
				);
				GCC_PRECOMPILE_PREFIX_HEADER = YES;
				GCC_PREFIX_HEADER = "Motherlover/Motherlover-Prefix.pch";
				INFOPLIST_FILE = "Motherlover/Motherlover-Info.plist";
				KEEP_PRIVATE_EXTERNS = YES;
				LD_RUNPATH_SEARCH_PATHS = "@loader_path/../Frameworks";
				LIBRARY_SEARCH_PATHS = (
					"$(inherited)",
					"\"$(SRCROOT)/Motherlover/Libraries\"",
				);
				LINKER_DISPLAYS_MANGLED_NAMES = YES;
				MACOSX_DEPLOYMENT_TARGET = 10.7;
				PRODUCT_NAME = "$(TARGET_NAME)";
				WRAPPER_EXTENSION = app;
			};
			name = Debug;
		};
		394383D315EFCB81009E982B /* Release */ = {
			isa = XCBuildConfiguration;
			baseConfigurationReference = 3936BEE31601322400598C91 /* Custom.xcconfig */;
			buildSettings = {
				ALWAYS_SEARCH_USER_PATHS = NO;
				COMBINE_HIDPI_IMAGES = YES;
				CURRENT_PROJECT_VERSION = 0.1.0;
				DEAD_CODE_STRIPPING = YES;
				FRAMEWORK_SEARCH_PATHS = (
					"$(inherited)",
					"\"$(SRCROOT)/Motherlover/Frameworks\"",
				);
				GCC_PRECOMPILE_PREFIX_HEADER = YES;
				GCC_PREFIX_HEADER = "Motherlover/Motherlover-Prefix.pch";
				INFOPLIST_FILE = "Motherlover/Motherlover-Info.plist";
				KEEP_PRIVATE_EXTERNS = YES;
				LD_RUNPATH_SEARCH_PATHS = "@loader_path/../Frameworks";
				LIBRARY_SEARCH_PATHS = (
					"$(inherited)",
					"\"$(SRCROOT)/Motherlover/Libraries\"",
				);
				LINKER_DISPLAYS_MANGLED_NAMES = YES;
				MACOSX_DEPLOYMENT_TARGET = 10.7;
				PRODUCT_NAME = "$(TARGET_NAME)";
				WRAPPER_EXTENSION = app;
			};
			name = Release;
		};
/* End XCBuildConfiguration section */

/* Begin XCConfigurationList section */
		394383AD15EFCB81009E982B /* Build configuration list for PBXProject "Motherlover" */ = {
			isa = XCConfigurationList;
			buildConfigurations = (
				394383CF15EFCB81009E982B /* Debug */,
				394383D015EFCB81009E982B /* Release */,
			);
			defaultConfigurationIsVisible = 0;
			defaultConfigurationName = Release;
		};
		394383D115EFCB81009E982B /* Build configuration list for PBXNativeTarget "Motherlover" */ = {
			isa = XCConfigurationList;
			buildConfigurations = (
				394383D215EFCB81009E982B /* Debug */,
				394383D315EFCB81009E982B /* Release */,
			);
			defaultConfigurationIsVisible = 0;
			defaultConfigurationName = Release;
		};
/* End XCConfigurationList section */
	};
	rootObject = 394383AA15EFCB81009E982B /* Project object */;
}
